<?xml version="1.0" encoding="utf-8"?>
<Project ToolsVersion="4.0" xmlns="http://schemas.microsoft.com/developer/msbuild/2003">
  <ItemGroup>
    <Filter Include="Source Files">
      <UniqueIdentifier>{4FC737F1-C7A5-4376-A066-2A32D752A2FF}</UniqueIdentifier>
      <Extensions>cpp;c;cc;cxx;c++;cppm;ixx;def;odl;idl;hpj;bat;asm;asmx</Extensions>
    </Filter>
    <Filter Include="Header Files">
      <UniqueIdentifier>{93995380-89BD-4b04-88EB-625FBE52EBFB}</UniqueIdentifier>
      <Extensions>h;hh;hpp;hxx;h++;hm;inl;inc;ipp;xsd</Extensions>
    </Filter>
    <Filter Include="Resource Files">
      <UniqueIdentifier>{67DA6AB6-F800-4c08-8B7A-83BB121AAD01}</UniqueIdentifier>
      <Extensions>rc;ico;cur;bmp;dlg;rc2;rct;bin;rgs;gif;jpg;jpeg;jpe;resx;tiff;tif;png;wav;mfcribbon-ms</Extensions>
    </Filter>
    <Filter Include="ch1">
      <UniqueIdentifier>{dd912ea6-69c6-4b46-a173-1b141aa73b37}</UniqueIdentifier>
    </Filter>
    <Filter Include="ch2">
      <UniqueIdentifier>{094984e6-d238-448e-b4c9-ab0131692cec}</UniqueIdentifier>
    </Filter>
    <Filter Include="ch3">
      <UniqueIdentifier>{a8265d6e-4ede-4aaa-bf96-e0532aebdc38}</UniqueIdentifier>
    </Filter>
    <Filter Include="ch4">
      <UniqueIdentifier>{6d8e2c02-10b6-4098-acef-a2474b4381fe}</UniqueIdentifier>
    </Filter>
  </ItemGroup>
  <ItemGroup>
    <MASM Include="ch1_hw1_hello_world.asm">
      <Filter>ch1</Filter>
    </MASM>
    <MASM Include="ch1_hw1_variables.asm">
      <Filter>ch1</Filter>
    </MASM>
    <MASM Include="ch2__hw1_input_output.asm">
      <Filter>ch2</Filter>
    </MASM>
    <MASM Include="ch2_hw2_io2.asm">
      <Filter>ch2</Filter>
    </MASM>
    <MASM Include="ch2_hw2_io3.asm">
      <Filter>ch2</Filter>
    </MASM>
    <MASM Include="ch2_hw2_io5.asm">
      <Filter>ch2</Filter>
    </MASM>
    <MASM Include="ch2_hw2_io6.asm">
      <Filter>ch2</Filter>
    </MASM>
    <MASM Include="ch2_hw2_io7.asm">
      <Filter>ch2</Filter>
    </MASM>
    <MASM Include="ch3_hw1_math5_q4e.asm">
      <Filter>ch3</Filter>
    </MASM>
    <MASM Include="ch3_hw1_math5_q4d.asm">
      <Filter>ch3</Filter>
    </MASM>
    <MASM Include="ch3_hw1_math.asm">
      <Filter>ch3</Filter>
    </MASM>
    <MASM Include="ch3_hw1_math_q2d.asm">
      <Filter>ch3</Filter>
    </MASM>
    <MASM Include="ch3_hw1_math2.asm">
      <Filter>ch3</Filter>
    </MASM>
    <MASM Include="ch3_hw1_math3.asm">
      <Filter>ch3</Filter>
    </MASM>
    <MASM Include="ch3_hw1_math4.asm">
      <Filter>ch3</Filter>
    </MASM>
    <MASM Include="ch3_hw1_math5_q1.asm">
      <Filter>ch3</Filter>
    </MASM>
    <MASM Include="ch3_hw1_math5_q2a.asm">
      <Filter>ch3</Filter>
    </MASM>
    <MASM Include="ch3_hw1_math5_q2b.asm">
      <Filter>ch3</Filter>
    </MASM>
    <MASM Include="ch3_hw1_math5_q2c.asm">
      <Filter>ch3</Filter>
    </MASM>
    <MASM Include="ch3_hw1_math5_q3a.asm">
      <Filter>ch3</Filter>
    </MASM>
    <MASM Include="ch3_hw1_math5_q3b.asm">
      <Filter>ch3</Filter>
    </MASM>
    <MASM Include="ch3_hw1_math5_q3c.asm">
      <Filter>ch3</Filter>
    </MASM>
    <MASM Include="ch3_hw1_math5_q3d.asm">
      <Filter>ch3</Filter>
    </MASM>
    <MASM Include="ch3_hw1_math5_q3e.asm">
      <Filter>ch3</Filter>
    </MASM>
    <MASM Include="ch3_hw1_math5_q4a.asm">
      <Filter>ch3</Filter>
    </MASM>
    <MASM Include="ch3_hw1_math5_q4b.asm">
      <Filter>ch3</Filter>
    </MASM>
    <MASM Include="ch3_hw1_math5_q4c.asm">
      <Filter>ch3</Filter>
    </MASM>
    <MASM Include="ch3_hw1_math5_q5.asm">
      <Filter>ch3</Filter>
    </MASM>
    <MASM Include="ch3_hw1_math5_q6.asm">
      <Filter>ch3</Filter>
    </MASM>
    <MASM Include="ch3_hw1_math5_q7.asm">
      <Filter>ch3</Filter>
    </MASM>
    <MASM Include="ch4_hw1_selection1_q1a.asm">
      <Filter>ch4</Filter>
    </MASM>
    <MASM Include="ch4_hw1_selection2_q1b.asm">
      <Filter>ch4</Filter>
    </MASM>
    <MASM Include="ch4_hw1_selection3__q1c.asm">
      <Filter>ch4</Filter>
    </MASM>
    <MASM Include="ch4_hw1_selection4___q1d.asm">
      <Filter>ch4</Filter>
    </MASM>
    <MASM Include="ch4_hw1_q2.asm">
      <Filter>ch4</Filter>
    </MASM>
  </ItemGroup>
  <ItemGroup>
    <None Include=".gitignore" />
  </ItemGroup>
  <ItemGroup>
    <ClCompile Include="ch2_hw2_io6.c">
      <Filter>ch2</Filter>
    </ClCompile>
    <ClCompile Include="ch2_hw2_io7.c">
      <Filter>ch2</Filter>
    </ClCompile>
  </ItemGroup>
</Project>